
Microsoft Visual Studio Solution File, Format Version 12.00
# Visual Studio 15
VisualStudioVersion = 15.0.28307.1000
MinimumVisualStudioVersion = 10.0.40219.1
Project("{FAE04EC0-301F-11D3-BF4B-00C04F79EFBC}") = "PSWRDMGR", "PSWRDMGR\PSWRDMGR.csproj", "{EEA4C720-26E7-4071-82A1-A95F955FDE29}"
EndProject
Project("{FAE04EC0-301F-11D3-BF4B-00C04F79EFBC}") = "AndroidPSWRDMGR.Android", "AndroidPSWRDMGR\AndroidPSWRDMGR.Android\AndroidPSWRDMGR.Android.csproj", "{A6CAD7C2-50F1-4248-BC18-2F6E39FE97BE}"
EndProject
Project("{FAE04EC0-301F-11D3-BF4B-00C04F79EFBC}") = "AndroidPSWRDMGR", "AndroidPSWRDMGR\AndroidPSWRDMGR\AndroidPSWRDMGR.csproj", "{FF94141C-F1A0-4158-9CAF-4EF69166DD87}"
EndProject
Global
	GlobalSection(SolutionConfigurationPlatforms) = preSolution
		Debug|Any CPU = Debug|Any CPU
		Release|Any CPU = Release|Any CPU
	EndGlobalSection
	GlobalSection(ProjectConfigurationPlatforms) = postSolution
		{EEA4C720-26E7-4071-82A1-A95F955FDE29}.Debug|Any CPU.ActiveCfg = Debug|Any CPU
		{EEA4C720-26E7-4071-82A1-A95F955FDE29}.Debug|Any CPU.Build.0 = Debug|Any CPU
		{EEA4C720-26E7-4071-82A1-A95F955FDE29}.Release|Any CPU.ActiveCfg = Release|Any CPU
		{EEA4C720-26E7-4071-82A1-A95F955FDE29}.Release|Any CPU.Build.0 = Release|Any CPU
		{A6CAD7C2-50F1-4248-BC18-2F6E39FE97BE}.Debug|Any CPU.ActiveCfg = Debug|Any CPU
		{A6CAD7C2-50F1-4248-BC18-2F6E39FE97BE}.Debug|Any CPU.Build.0 = Debug|Any CPU
		{A6CAD7C2-50F1-4248-BC18-2F6E39FE97BE}.Debug|Any CPU.Deploy.0 = Debug|Any CPU
		{A6CAD7C2-50F1-4248-BC18-2F6E39FE97BE}.Release|Any CPU.ActiveCfg = Release|Any CPU
		{A6CAD7C2-50F1-4248-BC18-2F6E39FE97BE}.Release|Any CPU.Build.0 = Release|Any CPU
		{A6CAD7C2-50F1-4248-BC18-2F6E39FE97BE}.Release|Any CPU.Deploy.0 = Release|Any CPU
		{FF94141C-F1A0-4158-9CAF-4EF69166DD87}.Debug|Any CPU.ActiveCfg = Debug|Any CPU
		{FF94141C-F1A0-4158-9CAF-4EF69166DD87}.Debug|Any CPU.Build.0 = Debug|Any CPU
		{FF94141C-F1A0-4158-9CAF-4EF69166DD87}.Release|Any CPU.ActiveCfg = Release|Any CPU
		{FF94141C-F1A0-4158-9CAF-4EF69166DD87}.Release|Any CPU.Build.0 = Release|Any CPU
	EndGlobalSection
	GlobalSection(SolutionProperties) = preSolution
		HideSolutionNode = FALSE
	EndGlobalSection
	GlobalSection(ExtensibilityGlobals) = postSolution
		SolutionGuid = {9CADF434-1EEB-4F76-8CD5-BC9328441F2D}
	EndGlobalSection
EndGlobal
